
Microsoft Visual Studio Solution File, Format Version 12.00
# Visual Studio Version 16
VisualStudioVersion = 16.0.31911.196
MinimumVisualStudioVersion = 10.0.40219.1
Project("{FAE04EC0-301F-11D3-BF4B-00C04F79EFBC}") = "Cluj park", "Cluj park.csproj", "{B2288643-3972-4625-92EC-93462209DE6E}"
EndProject
Project("{FAE04EC0-301F-11D3-BF4B-00C04F79EFBC}") = "BusinessLayer", "..\BusinessLayer\BusinessLayer.csproj", "{9629A592-5F52-41AE-A0AE-B4559E6E1633}"
EndProject
Global
	GlobalSection(SolutionConfigurationPlatforms) = preSolution
		Debug|Any CPU = Debug|Any CPU
		Release|Any CPU = Release|Any CPU
	EndGlobalSection
	GlobalSection(ProjectConfigurationPlatforms) = postSolution
		{B2288643-3972-4625-92EC-93462209DE6E}.Debug|Any CPU.ActiveCfg = Debug|Any CPU
		{B2288643-3972-4625-92EC-93462209DE6E}.Debug|Any CPU.Build.0 = Debug|Any CPU
		{B2288643-3972-4625-92EC-93462209DE6E}.Release|Any CPU.ActiveCfg = Release|Any CPU
		{B2288643-3972-4625-92EC-93462209DE6E}.Release|Any CPU.Build.0 = Release|Any CPU
		{9629A592-5F52-41AE-A0AE-B4559E6E1633}.Debug|Any CPU.ActiveCfg = Debug|Any CPU
		{9629A592-5F52-41AE-A0AE-B4559E6E1633}.Debug|Any CPU.Build.0 = Debug|Any CPU
		{9629A592-5F52-41AE-A0AE-B4559E6E1633}.Release|Any CPU.ActiveCfg = Release|Any CPU
		{9629A592-5F52-41AE-A0AE-B4559E6E1633}.Release|Any CPU.Build.0 = Release|Any CPU
	EndGlobalSection
	GlobalSection(SolutionProperties) = preSolution
		HideSolutionNode = FALSE
	EndGlobalSection
	GlobalSection(ExtensibilityGlobals) = postSolution
		SolutionGuid = {1E6897D0-BA21-4383-8885-E9A9D8738BEA}
	EndGlobalSection
EndGlobal
